{
  "version": 4,
  "terraform_version": "1.14.6",
  "serial": 27,
  "lineage": "9345eea8-601a-862d-2308-5dc82df4312e",
  "outputs": {
    "public_ip": {
      "value": "20.199.122.160",
      "type": "string"
    }
  },
  "resources": [
    {
      "mode": "managed",
      "type": "azurerm_linux_virtual_machine",
      "name": "vm",
      "provider": "provider[\"registry.terraform.io/hashicorp/azurerm\"]",
      "instances": [
        {
          "schema_version": 0,
          "attributes": {
            "additional_capabilities": [],
            "admin_password": null,
            "admin_ssh_key": [
              {
                "public_key": "ssh-ed25519 AAAAC3NzaC1lZDI1NTE5AAAAIGclFYr+Ucz4EP0S3AQVBHo/pK97vyKjJK6OvAnSrFG0 tp-terraform\n",
                "username": "azureuser"
              }
            ],
            "admin_username": "azureuser",
            "allow_extension_operations": true,
            "availability_set_id": "",
            "boot_diagnostics": [],
            "bypass_platform_safety_checks_on_user_schedule_enabled": false,
            "capacity_reservation_group_id": "",
            "computer_name": "vm-tp",
            "custom_data": null,
            "dedicated_host_group_id": "",
            "dedicated_host_id": "",
            "disable_password_authentication": true,
            "disk_controller_type": "",
            "edge_zone": "",
            "encryption_at_host_enabled": false,
            "eviction_policy": "",
            "extensions_time_budget": "PT1H30M",
            "gallery_application": [],
            "id": "/subscriptions/965a719f-ee48-4f4c-9167-7927ad946ca1/resourceGroups/rg-tp-terraform/providers/Microsoft.Compute/virtualMachines/vm-tp",
            "identity": [],
            "license_type": "",
            "location": "francecentral",
            "max_bid_price": -1,
            "name": "vm-tp",
            "network_interface_ids": [
              "/subscriptions/965a719f-ee48-4f4c-9167-7927ad946ca1/resourceGroups/rg-tp-terraform/providers/Microsoft.Network/networkInterfaces/nic-tp"
            ],
            "os_disk": [
              {
                "caching": "ReadWrite",
                "diff_disk_settings": [],
                "disk_encryption_set_id": "",
                "disk_size_gb": 30,
                "id": "/subscriptions/965a719f-ee48-4f4c-9167-7927ad946ca1/resourceGroups/rg-tp-terraform/providers/Microsoft.Compute/disks/vm-tp_disk1_a8aa164117b3422ea25a2ea707c1edda",
                "name": "vm-tp_disk1_a8aa164117b3422ea25a2ea707c1edda",
                "secure_vm_disk_encryption_set_id": "",
                "security_encryption_type": "",
                "storage_account_type": "Standard_LRS",
                "write_accelerator_enabled": false
              }
            ],
            "os_image_notification": [],
            "os_managed_disk_id": "/subscriptions/965a719f-ee48-4f4c-9167-7927ad946ca1/resourceGroups/rg-tp-terraform/providers/Microsoft.Compute/disks/vm-tp_disk1_a8aa164117b3422ea25a2ea707c1edda",
            "patch_assessment_mode": "ImageDefault",
            "patch_mode": "ImageDefault",
            "plan": [],
            "platform_fault_domain": -1,
            "priority": "Regular",
            "private_ip_address": "10.0.1.4",
            "private_ip_addresses": [
              "10.0.1.4"
            ],
            "provision_vm_agent": true,
            "proximity_placement_group_id": "",
            "public_ip_address": "20.199.122.160",
            "public_ip_addresses": [
              "20.199.122.160"
            ],
            "reboot_setting": "",
            "resource_group_name": "rg-tp-terraform",
            "secret": [],
            "secure_boot_enabled": false,
            "size": "Standard_B2ls_v2",
            "source_image_id": "",
            "source_image_reference": [
              {
                "offer": "0001-com-ubuntu-server-jammy",
                "publisher": "Canonical",
                "sku": "22_04-lts",
                "version": "latest"
              }
            ],
            "tags": {},
            "termination_notification": [],
            "timeouts": null,
            "user_data": "",
            "virtual_machine_id": "a21ab3b0-031b-4142-9a0d-cc04710e28f6",
            "virtual_machine_scale_set_id": "",
            "vm_agent_platform_updates_enabled": false,
            "vtpm_enabled": false,
            "zone": ""
          },
          "sensitive_attributes": [
            [
              {
                "type": "get_attr",
                "value": "admin_password"
              }
            ],
            [
              {
                "type": "get_attr",
                "value": "custom_data"
              }
            ]
          ],
          "identity_schema_version": 0,
          "private": "eyJlMmJmYjczMC1lY2FhLTExZTYtOGY4OC0zNDM2M2JjN2M0YzAiOnsiY3JlYXRlIjoyNzAwMDAwMDAwMDAwLCJkZWxldGUiOjI3MDAwMDAwMDAwMDAsInJlYWQiOjMwMDAwMDAwMDAwMCwidXBkYXRlIjoyNzAwMDAwMDAwMDAwfX0=",
          "dependencies": [
            "azurerm_network_interface.nic",
            "azurerm_public_ip.pip",
            "azurerm_resource_group.rg",
            "azurerm_subnet.subnet",
            "azurerm_virtual_network.vnet"
          ]
        }
      ]
    },
    {
      "mode": "managed",
      "type": "azurerm_network_interface",
      "name": "nic",
      "provider": "provider[\"registry.terraform.io/hashicorp/azurerm\"]",
      "instances": [
        {
          "schema_version": 0,
          "attributes": {
            "accelerated_networking_enabled": false,
            "applied_dns_servers": [],
            "auxiliary_mode": "",
            "auxiliary_sku": "",
            "dns_servers": [],
            "edge_zone": "",
            "id": "/subscriptions/965a719f-ee48-4f4c-9167-7927ad946ca1/resourceGroups/rg-tp-terraform/providers/Microsoft.Network/networkInterfaces/nic-tp",
            "internal_dns_name_label": "",
            "internal_domain_name_suffix": "afqqhzh3e30endbacec1w2o2pc.parx.internal.cloudapp.net",
            "ip_configuration": [
              {
                "gateway_load_balancer_frontend_ip_configuration_id": "",
                "name": "ipconfig1",
                "primary": true,
                "private_ip_address": "10.0.1.4",
                "private_ip_address_allocation": "Dynamic",
                "private_ip_address_version": "IPv4",
                "public_ip_address_id": "/subscriptions/965a719f-ee48-4f4c-9167-7927ad946ca1/resourceGroups/rg-tp-terraform/providers/Microsoft.Network/publicIPAddresses/pip-tp",
                "subnet_id": "/subscriptions/965a719f-ee48-4f4c-9167-7927ad946ca1/resourceGroups/rg-tp-terraform/providers/Microsoft.Network/virtualNetworks/vnet-tp/subnets/snet-tp"
              }
            ],
            "ip_forwarding_enabled": false,
            "location": "francecentral",
            "mac_address": "00-0D-3A-E7-51-64",
            "name": "nic-tp",
            "private_ip_address": "10.0.1.4",
            "private_ip_addresses": [
              "10.0.1.4"
            ],
            "resource_group_name": "rg-tp-terraform",
            "tags": {},
            "timeouts": null,
            "virtual_machine_id": "/subscriptions/965a719f-ee48-4f4c-9167-7927ad946ca1/resourceGroups/rg-tp-terraform/providers/Microsoft.Compute/virtualMachines/vm-tp"
          },
          "sensitive_attributes": [],
          "identity_schema_version": 0,
          "identity": {
            "name": "nic-tp",
            "resource_group_name": "rg-tp-terraform",
            "subscription_id": "965a719f-ee48-4f4c-9167-7927ad946ca1"
          },
          "private": "eyJlMmJmYjczMC1lY2FhLTExZTYtOGY4OC0zNDM2M2JjN2M0YzAiOnsiY3JlYXRlIjoxODAwMDAwMDAwMDAwLCJkZWxldGUiOjE4MDAwMDAwMDAwMDAsInJlYWQiOjMwMDAwMDAwMDAwMCwidXBkYXRlIjoxODAwMDAwMDAwMDAwfX0=",
          "dependencies": [
            "azurerm_public_ip.pip",
            "azurerm_resource_group.rg",
            "azurerm_subnet.subnet",
            "azurerm_virtual_network.vnet"
          ]
        }
      ]
    },
    {
      "mode": "managed",
      "type": "azurerm_network_interface_security_group_association",
      "name": "nic_nsg",
      "provider": "provider[\"registry.terraform.io/hashicorp/azurerm\"]",
      "instances": [
        {
          "schema_version": 0,
          "attributes": {
            "id": "/subscriptions/965a719f-ee48-4f4c-9167-7927ad946ca1/resourceGroups/rg-tp-terraform/providers/Microsoft.Network/networkInterfaces/nic-tp|/subscriptions/965a719f-ee48-4f4c-9167-7927ad946ca1/resourceGroups/rg-tp-terraform/providers/Microsoft.Network/networkSecurityGroups/nsg-tp",
            "network_interface_id": "/subscriptions/965a719f-ee48-4f4c-9167-7927ad946ca1/resourceGroups/rg-tp-terraform/providers/Microsoft.Network/networkInterfaces/nic-tp",
            "network_security_group_id": "/subscriptions/965a719f-ee48-4f4c-9167-7927ad946ca1/resourceGroups/rg-tp-terraform/providers/Microsoft.Network/networkSecurityGroups/nsg-tp",
            "timeouts": null
          },
          "sensitive_attributes": [],
          "identity_schema_version": 0,
          "private": "eyJlMmJmYjczMC1lY2FhLTExZTYtOGY4OC0zNDM2M2JjN2M0YzAiOnsiY3JlYXRlIjoxODAwMDAwMDAwMDAwLCJkZWxldGUiOjE4MDAwMDAwMDAwMDAsInJlYWQiOjMwMDAwMDAwMDAwMH19",
          "dependencies": [
            "azurerm_network_interface.nic",
            "azurerm_network_security_group.nsg",
            "azurerm_public_ip.pip",
            "azurerm_resource_group.rg",
            "azurerm_subnet.subnet",
            "azurerm_virtual_network.vnet"
          ]
        }
      ]
    },
    {
      "mode": "managed",
      "type": "azurerm_network_security_group",
      "name": "nsg",
      "provider": "provider[\"registry.terraform.io/hashicorp/azurerm\"]",
      "instances": [
        {
          "schema_version": 0,
          "attributes": {
            "id": "/subscriptions/965a719f-ee48-4f4c-9167-7927ad946ca1/resourceGroups/rg-tp-terraform/providers/Microsoft.Network/networkSecurityGroups/nsg-tp",
            "location": "francecentral",
            "name": "nsg-tp",
            "resource_group_name": "rg-tp-terraform",
            "security_rule": [
              {
                "access": "Allow",
                "description": "",
                "destination_address_prefix": "*",
                "destination_address_prefixes": [],
                "destination_application_security_group_ids": [],
                "destination_port_range": "22",
                "destination_port_ranges": [],
                "direction": "Inbound",
                "name": "allow-ssh",
                "priority": 1001,
                "protocol": "Tcp",
                "source_address_prefix": "*",
                "source_address_prefixes": [],
                "source_application_security_group_ids": [],
                "source_port_range": "*",
                "source_port_ranges": []
              }
            ],
            "tags": {},
            "timeouts": null
          },
          "sensitive_attributes": [],
          "identity_schema_version": 0,
          "identity": {
            "name": "nsg-tp",
            "resource_group_name": "rg-tp-terraform",
            "subscription_id": "965a719f-ee48-4f4c-9167-7927ad946ca1"
          },
          "private": "eyJlMmJmYjczMC1lY2FhLTExZTYtOGY4OC0zNDM2M2JjN2M0YzAiOnsiY3JlYXRlIjoxODAwMDAwMDAwMDAwLCJkZWxldGUiOjE4MDAwMDAwMDAwMDAsInJlYWQiOjMwMDAwMDAwMDAwMCwidXBkYXRlIjoxODAwMDAwMDAwMDAwfX0=",
          "dependencies": [
            "azurerm_resource_group.rg"
          ]
        }
      ]
    },
    {
      "mode": "managed",
      "type": "azurerm_network_security_rule",
      "name": "ssh",
      "provider": "provider[\"registry.terraform.io/hashicorp/azurerm\"]",
      "instances": [
        {
          "schema_version": 0,
          "attributes": {
            "access": "Allow",
            "description": "",
            "destination_address_prefix": "*",
            "destination_address_prefixes": [],
            "destination_application_security_group_ids": [],
            "destination_port_range": "22",
            "destination_port_ranges": [],
            "direction": "Inbound",
            "id": "/subscriptions/965a719f-ee48-4f4c-9167-7927ad946ca1/resourceGroups/rg-tp-terraform/providers/Microsoft.Network/networkSecurityGroups/nsg-tp/securityRules/allow-ssh",
            "name": "allow-ssh",
            "network_security_group_name": "nsg-tp",
            "priority": 1001,
            "protocol": "Tcp",
            "resource_group_name": "rg-tp-terraform",
            "source_address_prefix": "*",
            "source_address_prefixes": [],
            "source_application_security_group_ids": [],
            "source_port_range": "*",
            "source_port_ranges": [],
            "timeouts": null
          },
          "sensitive_attributes": [],
          "identity_schema_version": 0,
          "identity": {
            "name": "allow-ssh",
            "network_security_group_name": "nsg-tp",
            "resource_group_name": "rg-tp-terraform",
            "subscription_id": "965a719f-ee48-4f4c-9167-7927ad946ca1"
          },
          "private": "eyJlMmJmYjczMC1lY2FhLTExZTYtOGY4OC0zNDM2M2JjN2M0YzAiOnsiY3JlYXRlIjoxODAwMDAwMDAwMDAwLCJkZWxldGUiOjE4MDAwMDAwMDAwMDAsInJlYWQiOjMwMDAwMDAwMDAwMCwidXBkYXRlIjoxODAwMDAwMDAwMDAwfX0=",
          "dependencies": [
            "azurerm_network_security_group.nsg",
            "azurerm_resource_group.rg"
          ]
        }
      ]
    },
    {
      "mode": "managed",
      "type": "azurerm_public_ip",
      "name": "pip",
      "provider": "provider[\"registry.terraform.io/hashicorp/azurerm\"]",
      "instances": [
        {
          "schema_version": 0,
          "attributes": {
            "allocation_method": "Static",
            "ddos_protection_mode": "VirtualNetworkInherited",
            "ddos_protection_plan_id": null,
            "domain_name_label": null,
            "domain_name_label_scope": null,
            "edge_zone": "",
            "fqdn": null,
            "id": "/subscriptions/965a719f-ee48-4f4c-9167-7927ad946ca1/resourceGroups/rg-tp-terraform/providers/Microsoft.Network/publicIPAddresses/pip-tp",
            "idle_timeout_in_minutes": 4,
            "ip_address": "20.199.122.160",
            "ip_tags": {},
            "ip_version": "IPv4",
            "location": "francecentral",
            "name": "pip-tp",
            "public_ip_prefix_id": null,
            "resource_group_name": "rg-tp-terraform",
            "reverse_fqdn": null,
            "sku": "Standard",
            "sku_tier": "Regional",
            "tags": {},
            "timeouts": null,
            "zones": []
          },
          "sensitive_attributes": [],
          "identity_schema_version": 0,
          "identity": {
            "name": "pip-tp",
            "resource_group_name": "rg-tp-terraform",
            "subscription_id": "965a719f-ee48-4f4c-9167-7927ad946ca1"
          },
          "private": "eyJlMmJmYjczMC1lY2FhLTExZTYtOGY4OC0zNDM2M2JjN2M0YzAiOnsiY3JlYXRlIjoxODAwMDAwMDAwMDAwLCJkZWxldGUiOjE4MDAwMDAwMDAwMDAsInJlYWQiOjMwMDAwMDAwMDAwMCwidXBkYXRlIjoxODAwMDAwMDAwMDAwfX0=",
          "dependencies": [
            "azurerm_resource_group.rg"
          ]
        }
      ]
    },
    {
      "mode": "managed",
      "type": "azurerm_resource_group",
      "name": "rg",
      "provider": "provider[\"registry.terraform.io/hashicorp/azurerm\"]",
      "instances": [
        {
          "schema_version": 0,
          "attributes": {
            "id": "/subscriptions/965a719f-ee48-4f4c-9167-7927ad946ca1/resourceGroups/rg-tp-terraform",
            "location": "francecentral",
            "managed_by": "",
            "name": "rg-tp-terraform",
            "tags": {},
            "timeouts": null
          },
          "sensitive_attributes": [],
          "identity_schema_version": 0,
          "identity": {
            "name": "rg-tp-terraform",
            "subscription_id": "965a719f-ee48-4f4c-9167-7927ad946ca1"
          },
          "private": "eyJlMmJmYjczMC1lY2FhLTExZTYtOGY4OC0zNDM2M2JjN2M0YzAiOnsiY3JlYXRlIjo1NDAwMDAwMDAwMDAwLCJkZWxldGUiOjU0MDAwMDAwMDAwMDAsInJlYWQiOjMwMDAwMDAwMDAwMCwidXBkYXRlIjo1NDAwMDAwMDAwMDAwfX0="
        }
      ]
    },
    {
      "mode": "managed",
      "type": "azurerm_ssh_public_key",
      "name": "sshkey",
      "provider": "provider[\"registry.terraform.io/hashicorp/azurerm\"]",
      "instances": [
        {
          "schema_version": 0,
          "attributes": {
            "id": "/subscriptions/965a719f-ee48-4f4c-9167-7927ad946ca1/resourceGroups/rg-tp-terraform/providers/Microsoft.Compute/sshPublicKeys/sshkey-tp",
            "location": "francecentral",
            "name": "sshkey-tp",
            "public_key": "ssh-ed25519 AAAAC3NzaC1lZDI1NTE5AAAAIGclFYr+Ucz4EP0S3AQVBHo/pK97vyKjJK6OvAnSrFG0 tp-terraform\n",
            "resource_group_name": "rg-tp-terraform",
            "tags": {},
            "timeouts": null
          },
          "sensitive_attributes": [],
          "identity_schema_version": 0,
          "private": "eyJlMmJmYjczMC1lY2FhLTExZTYtOGY4OC0zNDM2M2JjN2M0YzAiOnsiY3JlYXRlIjoyNzAwMDAwMDAwMDAwLCJkZWxldGUiOjI3MDAwMDAwMDAwMDAsInJlYWQiOjMwMDAwMDAwMDAwMCwidXBkYXRlIjoyNzAwMDAwMDAwMDAwfX0=",
          "dependencies": [
            "azurerm_resource_group.rg"
          ]
        }
      ]
    },
    {
      "mode": "managed",
      "type": "azurerm_subnet",
      "name": "subnet",
      "provider": "provider[\"registry.terraform.io/hashicorp/azurerm\"]",
      "instances": [
        {
          "schema_version": 0,
          "attributes": {
            "address_prefixes": [
              "10.0.1.0/24"
            ],
            "default_outbound_access_enabled": true,
            "delegation": [],
            "id": "/subscriptions/965a719f-ee48-4f4c-9167-7927ad946ca1/resourceGroups/rg-tp-terraform/providers/Microsoft.Network/virtualNetworks/vnet-tp/subnets/snet-tp",
            "ip_address_pool": [],
            "name": "snet-tp",
            "private_endpoint_network_policies": "Disabled",
            "private_link_service_network_policies_enabled": true,
            "resource_group_name": "rg-tp-terraform",
            "service_endpoint_policy_ids": [],
            "service_endpoints": [],
            "sharing_scope": "",
            "timeouts": null,
            "virtual_network_name": "vnet-tp"
          },
          "sensitive_attributes": [],
          "identity_schema_version": 0,
          "identity": {
            "name": "snet-tp",
            "resource_group_name": "rg-tp-terraform",
            "subscription_id": "965a719f-ee48-4f4c-9167-7927ad946ca1",
            "virtual_network_name": "vnet-tp"
          },
          "private": "eyJlMmJmYjczMC1lY2FhLTExZTYtOGY4OC0zNDM2M2JjN2M0YzAiOnsiY3JlYXRlIjoxODAwMDAwMDAwMDAwLCJkZWxldGUiOjE4MDAwMDAwMDAwMDAsInJlYWQiOjMwMDAwMDAwMDAwMCwidXBkYXRlIjoxODAwMDAwMDAwMDAwfX0=",
          "dependencies": [
            "azurerm_resource_group.rg",
            "azurerm_virtual_network.vnet"
          ]
        }
      ]
    },
    {
      "mode": "managed",
      "type": "azurerm_virtual_network",
      "name": "vnet",
      "provider": "provider[\"registry.terraform.io/hashicorp/azurerm\"]",
      "instances": [
        {
          "schema_version": 0,
          "attributes": {
            "address_space": [
              "10.0.0.0/16"
            ],
            "bgp_community": "",
            "ddos_protection_plan": [],
            "dns_servers": [],
            "edge_zone": "",
            "encryption": [],
            "flow_timeout_in_minutes": 0,
            "guid": "e4036101-27fd-4674-8c20-1105bb71dc7a",
            "id": "/subscriptions/965a719f-ee48-4f4c-9167-7927ad946ca1/resourceGroups/rg-tp-terraform/providers/Microsoft.Network/virtualNetworks/vnet-tp",
            "ip_address_pool": [],
            "location": "francecentral",
            "name": "vnet-tp",
            "private_endpoint_vnet_policies": "Disabled",
            "resource_group_name": "rg-tp-terraform",
            "subnet": [
              {
                "address_prefixes": [
                  "10.0.1.0/24"
                ],
                "default_outbound_access_enabled": true,
                "delegation": [],
                "id": "/subscriptions/965a719f-ee48-4f4c-9167-7927ad946ca1/resourceGroups/rg-tp-terraform/providers/Microsoft.Network/virtualNetworks/vnet-tp/subnets/snet-tp",
                "name": "snet-tp",
                "private_endpoint_network_policies": "Disabled",
                "private_link_service_network_policies_enabled": true,
                "route_table_id": "",
                "security_group": "",
                "service_endpoint_policy_ids": [],
                "service_endpoints": []
              }
            ],
            "tags": {},
            "timeouts": null
          },
          "sensitive_attributes": [],
          "identity_schema_version": 0,
          "identity": {
            "name": "vnet-tp",
            "resource_group_name": "rg-tp-terraform",
            "subscription_id": "965a719f-ee48-4f4c-9167-7927ad946ca1"
          },
          "private": "eyJlMmJmYjczMC1lY2FhLTExZTYtOGY4OC0zNDM2M2JjN2M0YzAiOnsiY3JlYXRlIjoxODAwMDAwMDAwMDAwLCJkZWxldGUiOjE4MDAwMDAwMDAwMDAsInJlYWQiOjMwMDAwMDAwMDAwMCwidXBkYXRlIjoxODAwMDAwMDAwMDAwfX0=",
          "dependencies": [
            "azurerm_resource_group.rg"
          ]
        }
      ]
    }
  ],
  "check_results": null
}
